// !$*UTF8*$!
{
	archiveVersion = 1;
	classes = {
	};
	objectVersion = 77;
	objects = {

/* Begin PBXBuildFile section */
		2A40B9BB2F7B4F1C00DE5C84 /* SocketIO in Frameworks */ = {isa = PBXBuildFile; productRef = 2A40B9BA2F7B4F1C00DE5C84 /* SocketIO */; };
/* End PBXBuildFile section */

/* Begin PBXContainerItemProxy section */
		2A40B9802F7B4D6A00DE5C84 /* PBXContainerItemProxy */ = {
			isa = PBXContainerItemProxy;
			containerPortal = 2A40B96A2F7B4D6600DE5C84 /* Project object */;
			proxyType = 1;
			remoteGlobalIDString = 2A40B9712F7B4D6600DE5C84;
			remoteInfo = WhatDoYouMean;
		};
		2A40B98A2F7B4D6A00DE5C84 /* PBXContainerItemProxy */ = {
			isa = PBXContainerItemProxy;
			containerPortal = 2A40B96A2F7B4D6600DE5C84 /* Project object */;
			proxyType = 1;
			remoteGlobalIDString = 2A40B9712F7B4D6600DE5C84;
			remoteInfo = WhatDoYouMean;
		};
/* End PBXContainerItemProxy section */

/* Begin PBXFileReference section */
		2A40B9722F7B4D6600DE5C84 /* WhatDoYouMean.app */ = {isa = PBXFileReference; explicitFileType = wrapper.application; includeInIndex = 0; path = WhatDoYouMean.app; sourceTree = BUILT_PRODUCTS_DIR; };
		2A40B97F2F7B4D6A00DE5C84 /* WhatDoYouMeanTests.xctest */ = {isa = PBXFileReference; explicitFileType = wrapper.cfbundle; includeInIndex = 0; path = WhatDoYouMeanTests.xctest; sourceTree = BUILT_PRODUCTS_DIR; };
		2A40B9892F7B4D6A00DE5C84 /* WhatDoYouMeanUITests.xctest */ = {isa = PBXFileReference; explicitFileType = wrapper.cfbundle; includeInIndex = 0; path = WhatDoYouMeanUITests.xctest; sourceTree = BUILT_PRODUCTS_DIR; };
/* End PBXFileReference section */

/* Begin PBXFileSystemSynchronizedRootGroup section */
		2A40B9742F7B4D6600DE5C84 /* WhatDoYouMean */ = {
			isa = PBXFileSystemSynchronizedRootGroup;
			path = WhatDoYouMean;
			sourceTree = "<group>";
		};
		2A40B9822F7B4D6A00DE5C84 /* WhatDoYouMeanTests */ = {
			isa = PBXFileSystemSynchronizedRootGroup;
			path = WhatDoYouMeanTests;
			sourceTree = "<group>";
		};
		2A40B98C2F7B4D6A00DE5C84 /* WhatDoYouMeanUITests */ = {
			isa = PBXFileSystemSynchronizedRootGroup;
			path = WhatDoYouMeanUITests;
			sourceTree = "<group>";
		};
/* End PBXFileSystemSynchronizedRootGroup section */

/* Begin PBXFrameworksBuildPhase section */
		2A40B96F2F7B4D6600DE5C84 /* Frameworks */ = {
			isa = PBXFrameworksBuildPhase;
			buildActionMask = 2147483647;
			files = (
				2A40B9BB2F7B4F1C00DE5C84 /* SocketIO in Frameworks */,
			);
			runOnlyForDeploymentPostprocessing = 0;
		};
		2A40B97C2F7B4D6A00DE5C84 /* Frameworks */ = {
			isa = PBXFrameworksBuildPhase;
			buildActionMask = 2147483647;
			files = (
			);
			runOnlyForDeploymentPostprocessing = 0;
		};
		2A40B9862F7B4D6A00DE5C84 /* Frameworks */ = {
			isa = PBXFrameworksBuildPhase;
			buildActionMask = 2147483647;
			files = (
			);
			runOnlyForDeploymentPostprocessing = 0;
		};
/* End PBXFrameworksBuildPhase section */

/* Begin PBXGroup section */
		2A40B9692F7B4D6600DE5C84 = {
			isa = PBXGroup;
			children = (
				2A40B9742F7B4D6600DE5C84 /* WhatDoYouMean */,
				2A40B9822F7B4D6A00DE5C84 /* WhatDoYouMeanTests */,
				2A40B98C2F7B4D6A00DE5C84 /* WhatDoYouMeanUITests */,
				2A40B9732F7B4D6600DE5C84 /* Products */,
			);
			sourceTree = "<group>";
		};
		2A40B9732F7B4D6600DE5C84 /* Products */ = {
			isa = PBXGroup;
			children = (
				2A40B9722F7B4D6600DE5C84 /* WhatDoYouMean.app */,
				2A40B97F2F7B4D6A00DE5C84 /* WhatDoYouMeanTests.xctest */,
				2A40B9892F7B4D6A00DE5C84 /* WhatDoYouMeanUITests.xctest */,
			);
			name = Products;
			sourceTree = "<group>";
		};
/* End PBXGroup section */

/* Begin PBXNativeTarget section */
		2A40B9712F7B4D6600DE5C84 /* WhatDoYouMean */ = {
			isa = PBXNativeTarget;
			buildConfigurationList = 2A40B9932F7B4D6A00DE5C84 /* Build configuration list for PBXNativeTarget "WhatDoYouMean" */;
			buildPhases = (
				2A40B96E2F7B4D6600DE5C84 /* Sources */,
				2A40B96F2F7B4D6600DE5C84 /* Frameworks */,
				2A40B9702F7B4D6600DE5C84 /* Resources */,
			);
			buildRules = (
			);
			dependencies = (
			);
			fileSystemSynchronizedGroups = (
				2A40B9742F7B4D6600DE5C84 /* WhatDoYouMean */,
			);
			name = WhatDoYouMean;
			packageProductDependencies = (
				2A40B9BA2F7B4F1C00DE5C84 /* SocketIO */,
			);
			productName = WhatDoYouMean;
			productReference = 2A40B9722F7B4D6600DE5C84 /* WhatDoYouMean.app */;
			productType = "com.apple.product-type.application";
		};
		2A40B97E2F7B4D6A00DE5C84 /* WhatDoYouMeanTests */ = {
			isa = PBXNativeTarget;
			buildConfigurationList = 2A40B9962F7B4D6A00DE5C84 /* Build configuration list for PBXNativeTarget "WhatDoYouMeanTests" */;
			buildPhases = (
				2A40B97B2F7B4D6A00DE5C84 /* Sources */,
				2A40B97C2F7B4D6A00DE5C84 /* Frameworks */,
				2A40B97D2F7B4D6A00DE5C84 /* Resources */,
			);
			buildRules = (
			);
			dependencies = (
				2A40B9812F7B4D6A00DE5C84 /* PBXTargetDependency */,
			);
			fileSystemSynchronizedGroups = (
				2A40B9822F7B4D6A00DE5C84 /* WhatDoYouMeanTests */,
			);
			name = WhatDoYouMeanTests;
			packageProductDependencies = (
			);
			productName = WhatDoYouMeanTests;
			productReference = 2A40B97F2F7B4D6A00DE5C84 /* WhatDoYouMeanTests.xctest */;
			productType = "com.apple.product-type.bundle.unit-test";
		};
		2A40B9882F7B4D6A00DE5C84 /* WhatDoYouMeanUITests */ = {
			isa = PBXNativeTarget;
			buildConfigurationList = 2A40B9992F7B4D6A00DE5C84 /* Build configuration list for PBXNativeTarget "WhatDoYouMeanUITests" */;
			buildPhases = (
				2A40B9852F7B4D6A00DE5C84 /* Sources */,
				2A40B9862F7B4D6A00DE5C84 /* Frameworks */,
				2A40B9872F7B4D6A00DE5C84 /* Resources */,
			);
			buildRules = (
			);
			dependencies = (
				2A40B98B2F7B4D6A00DE5C84 /* PBXTargetDependency */,
			);
			fileSystemSynchronizedGroups = (
				2A40B98C2F7B4D6A00DE5C84 /* WhatDoYouMeanUITests */,
			);
			name = WhatDoYouMeanUITests;
			packageProductDependencies = (
			);
			productName = WhatDoYouMeanUITests;
			productReference = 2A40B9892F7B4D6A00DE5C84 /* WhatDoYouMeanUITests.xctest */;
			productType = "com.apple.product-type.bundle.ui-testing";
		};
/* End PBXNativeTarget section */

/* Begin PBXProject section */
		2A40B96A2F7B4D6600DE5C84 /* Project object */ = {
			isa = PBXProject;
			attributes = {
				BuildIndependentTargetsInParallel = 1;
				LastSwiftUpdateCheck = 2630;
				LastUpgradeCheck = 2630;
				TargetAttributes = {
					2A40B9712F7B4D6600DE5C84 = {
						CreatedOnToolsVersion = 26.3;
					};
					2A40B97E2F7B4D6A00DE5C84 = {
						CreatedOnToolsVersion = 26.3;
						TestTargetID = 2A40B9712F7B4D6600DE5C84;
					};
					2A40B9882F7B4D6A00DE5C84 = {
						CreatedOnToolsVersion = 26.3;
						TestTargetID = 2A40B9712F7B4D6600DE5C84;
					};
				};
			};
			buildConfigurationList = 2A40B96D2F7B4D6600DE5C84 /* Build configuration list for PBXProject "WhatDoYouMean" */;
			developmentRegion = en;
			hasScannedForEncodings = 0;
			knownRegions = (
				en,
				Base,
			);
			mainGroup = 2A40B9692F7B4D6600DE5C84;
			minimizedProjectReferenceProxies = 1;
			packageReferences = (
				2A40B9B92F7B4F1C00DE5C84 /* XCRemoteSwiftPackageReference "socket" */,
			);
			preferredProjectObjectVersion = 77;
			productRefGroup = 2A40B9732F7B4D6600DE5C84 /* Products */;
			projectDirPath = "";
			projectRoot = "";
			targets = (
				2A40B9712F7B4D6600DE5C84 /* WhatDoYouMean */,
				2A40B97E2F7B4D6A00DE5C84 /* WhatDoYouMeanTests */,
				2A40B9882F7B4D6A00DE5C84 /* WhatDoYouMeanUITests */,
			);
		};
/* End PBXProject section */

/* Begin PBXResourcesBuildPhase section */
		2A40B9702F7B4D6600DE5C84 /* Resources */ = {
			isa = PBXResourcesBuildPhase;
			buildActionMask = 2147483647;
			files = (
			);
			runOnlyForDeploymentPostprocessing = 0;
		};
		2A40B97D2F7B4D6A00DE5C84 /* Resources */ = {
			isa = PBXResourcesBuildPhase;
			buildActionMask = 2147483647;
			files = (
			);
			runOnlyForDeploymentPostprocessing = 0;
		};
		2A40B9872F7B4D6A00DE5C84 /* Resources */ = {
			isa = PBXResourcesBuildPhase;
			buildActionMask = 2147483647;
			files = (
			);
			runOnlyForDeploymentPostprocessing = 0;
		};
/* End PBXResourcesBuildPhase section */

/* Begin PBXSourcesBuildPhase section */
		2A40B96E2F7B4D6600DE5C84 /* Sources */ = {
			isa = PBXSourcesBuildPhase;
			buildActionMask = 2147483647;
			files = (
			);
			runOnlyForDeploymentPostprocessing = 0;
		};
		2A40B97B2F7B4D6A00DE5C84 /* Sources */ = {
			isa = PBXSourcesBuildPhase;
			buildActionMask = 2147483647;
			files = (
			);
			runOnlyForDeploymentPostprocessing = 0;
		};
		2A40B9852F7B4D6A00DE5C84 /* Sources */ = {
			isa = PBXSourcesBuildPhase;
			buildActionMask = 2147483647;
			files = (
			);
			runOnlyForDeploymentPostprocessing = 0;
		};
/* End PBXSourcesBuildPhase section */

/* Begin PBXTargetDependency section */
		2A40B9812F7B4D6A00DE5C84 /* PBXTargetDependency */ = {
			isa = PBXTargetDependency;
			target = 2A40B9712F7B4D6600DE5C84 /* WhatDoYouMean */;
			targetProxy = 2A40B9802F7B4D6A00DE5C84 /* PBXContainerItemProxy */;
		};
		2A40B98B2F7B4D6A00DE5C84 /* PBXTargetDependency */ = {
			isa = PBXTargetDependency;
			target = 2A40B9712F7B4D6600DE5C84 /* WhatDoYouMean */;
			targetProxy = 2A40B98A2F7B4D6A00DE5C84 /* PBXContainerItemProxy */;
		};
/* End PBXTargetDependency section */

/* Begin XCBuildConfiguration section */
		2A40B9912F7B4D6A00DE5C84 /* Debug */ = {
			isa = XCBuildConfiguration;
			buildSettings = {
				ALWAYS_SEARCH_USER_PATHS = NO;
				ASSETCATALOG_COMPILER_GENERATE_SWIFT_ASSET_SYMBOL_EXTENSIONS = YES;
				CLANG_ANALYZER_NONNULL = YES;
				CLANG_ANALYZER_NUMBER_OBJECT_CONVERSION = YES_AGGRESSIVE;
				CLANG_CXX_LANGUAGE_STANDARD = "gnu++20";
				CLANG_ENABLE_MODULES = YES;
				CLANG_ENABLE_OBJC_ARC = YES;
				CLANG_ENABLE_OBJC_WEAK = YES;
				CLANG_WARN_BLOCK_CAPTURE_AUTORELEASING = YES;
				CLANG_WARN_BOOL_CONVERSION = YES;
				CLANG_WARN_COMMA = YES;
				CLANG_WARN_CONSTANT_CONVERSION = YES;
				CLANG_WARN_DEPRECATED_OBJC_IMPLEMENTATIONS = YES;
				CLANG_WARN_DIRECT_OBJC_ISA_USAGE = YES_ERROR;
				CLANG_WARN_DOCUMENTATION_COMMENTS = YES;
				CLANG_WARN_EMPTY_BODY = YES;
				CLANG_WARN_ENUM_CONVERSION = YES;
				CLANG_WARN_INFINITE_RECURSION = YES;
				CLANG_WARN_INT_CONVERSION = YES;
				CLANG_WARN_NON_LITERAL_NULL_CONVERSION = YES;
				CLANG_WARN_OBJC_IMPLICIT_RETAIN_SELF = YES;
				CLANG_WARN_OBJC_LITERAL_CONVERSION = YES;
				CLANG_WARN_OBJC_ROOT_CLASS = YES_ERROR;
				CLANG_WARN_QUOTED_INCLUDE_IN_FRAMEWORK_HEADER = YES;
				CLANG_WARN_RANGE_LOOP_ANALYSIS = YES;
				CLANG_WARN_STRICT_PROTOTYPES = YES;
				CLANG_WARN_SUSPICIOUS_MOVE = YES;
				CLANG_WARN_UNGUARDED_AVAILABILITY = YES_AGGRESSIVE;
				CLANG_WARN_UNREACHABLE_CODE = YES;
				CLANG_WARN__DUPLICATE_METHOD_MATCH = YES;
				COPY_PHASE_STRIP = NO;
				DEBUG_INFORMATION_FORMAT = dwarf;
				DEVELOPMENT_TEAM = 44U2S8ADH2;
				ENABLE_STRICT_OBJC_MSGSEND = YES;
				ENABLE_TESTABILITY = YES;
				ENABLE_USER_SCRIPT_SANDBOXING = YES;
				GCC_C_LANGUAGE_STANDARD = gnu17;
				GCC_DYNAMIC_NO_PIC = NO;
				GCC_NO_COMMON_BLOCKS = YES;
				GCC_OPTIMIZATION_LEVEL = 0;
				GCC_PREPROCESSOR_DEFINITIONS = (
					"DEBUG=1",
					"$(inherited)",
				);
				GCC_WARN_64_TO_32_BIT_CONVERSION = YES;
				GCC_WARN_ABOUT_RETURN_TYPE = YES_ERROR;
				GCC_WARN_UNDECLARED_SELECTOR = YES;
				GCC_WARN_UNINITIALIZED_AUTOS = YES_AGGRESSIVE;
				GCC_WARN_UNUSED_FUNCTION = YES;
				GCC_WARN_UNUSED_VARIABLE = YES;
				IPHONEOS_DEPLOYMENT_TARGET = 26.2;
				LOCALIZATION_PREFERS_STRING_CATALOGS = YES;
				MTL_ENABLE_DEBUG_INFO = INCLUDE_SOURCE;
				MTL_FAST_MATH = YES;
				ONLY_ACTIVE_ARCH = YES;
				SDKROOT = iphoneos;
				SWIFT_ACTIVE_COMPILATION_CONDITIONS = "DEBUG $(inherited)";
				SWIFT_OPTIMIZATION_LEVEL = "-Onone";
			};
			name = Debug;
		};
		2A40B9922F7B4D6A00DE5C84 /* Release */ = {
			isa = XCBuildConfiguration;
			buildSettings = {
				ALWAYS_SEARCH_USER_PATHS = NO;
				ASSETCATALOG_COMPILER_GENERATE_SWIFT_ASSET_SYMBOL_EXTENSIONS = YES;
				CLANG_ANALYZER_NONNULL = YES;
				CLANG_ANALYZER_NUMBER_OBJECT_CONVERSION = YES_AGGRESSIVE;
				CLANG_CXX_LANGUAGE_STANDARD = "gnu++20";
				CLANG_ENABLE_MODULES = YES;
				CLANG_ENABLE_OBJC_ARC = YES;
				CLANG_ENABLE_OBJC_WEAK = YES;
				CLANG_WARN_BLOCK_CAPTURE_AUTORELEASING = YES;
				CLANG_WARN_BOOL_CONVERSION = YES;
				CLANG_WARN_COMMA = YES;
				CLANG_WARN_CONSTANT_CONVERSION = YES;
				CLANG_WARN_DEPRECATED_OBJC_IMPLEMENTATIONS = YES;
				CLANG_WARN_DIRECT_OBJC_ISA_USAGE = YES_ERROR;
				CLANG_WARN_DOCUMENTATION_COMMENTS = YES;
				CLANG_WARN_EMPTY_BODY = YES;
				CLANG_WARN_ENUM_CONVERSION = YES;
				CLANG_WARN_INFINITE_RECURSION = YES;
				CLANG_WARN_INT_CONVERSION = YES;
				CLANG_WARN_NON_LITERAL_NULL_CONVERSION = YES;
				CLANG_WARN_OBJC_IMPLICIT_RETAIN_SELF = YES;
				CLANG_WARN_OBJC_LITERAL_CONVERSION = YES;
				CLANG_WARN_OBJC_ROOT_CLASS = YES_ERROR;
				CLANG_WARN_QUOTED_INCLUDE_IN_FRAMEWORK_HEADER = YES;
				CLANG_WARN_RANGE_LOOP_ANALYSIS = YES;
				CLANG_WARN_STRICT_PROTOTYPES = YES;
				CLANG_WARN_SUSPICIOUS_MOVE = YES;
				CLANG_WARN_UNGUARDED_AVAILABILITY = YES_AGGRESSIVE;
				CLANG_WARN_UNREACHABLE_CODE = YES;
				CLANG_WARN__DUPLICATE_METHOD_MATCH = YES;
				COPY_PHASE_STRIP = NO;
				DEBUG_INFORMATION_FORMAT = "dwarf-with-dsym";
				DEVELOPMENT_TEAM = 44U2S8ADH2;
				ENABLE_NS_ASSERTIONS = NO;
				ENABLE_STRICT_OBJC_MSGSEND = YES;
				ENABLE_USER_SCRIPT_SANDBOXING = YES;
				GCC_C_LANGUAGE_STANDARD = gnu17;
				GCC_NO_COMMON_BLOCKS = YES;
				GCC_WARN_64_TO_32_BIT_CONVERSION = YES;
				GCC_WARN_ABOUT_RETURN_TYPE = YES_ERROR;
				GCC_WARN_UNDECLARED_SELECTOR = YES;
				GCC_WARN_UNINITIALIZED_AUTOS = YES_AGGRESSIVE;
				GCC_WARN_UNUSED_FUNCTION = YES;
				GCC_WARN_UNUSED_VARIABLE = YES;
				IPHONEOS_DEPLOYMENT_TARGET = 26.2;
				LOCALIZATION_PREFERS_STRING_CATALOGS = YES;
				MTL_ENABLE_DEBUG_INFO = NO;
				MTL_FAST_MATH = YES;
				SDKROOT = iphoneos;
				SWIFT_COMPILATION_MODE = wholemodule;
				VALIDATE_PRODUCT = YES;
			};
			name = Release;
		};
		2A40B9942F7B4D6A00DE5C84 /* Debug */ = {
			isa = XCBuildConfiguration;
			buildSettings = {
				ASSETCATALOG_COMPILER_APPICON_NAME = AppIcon;
				ASSETCATALOG_COMPILER_GLOBAL_ACCENT_COLOR_NAME = AccentColor;
				CODE_SIGN_STYLE = Automatic;
				CURRENT_PROJECT_VERSION = 1;
				DEVELOPMENT_TEAM = 44U2S8ADH2;
				ENABLE_PREVIEWS = YES;
				GENERATE_INFOPLIST_FILE = YES;
				INFOPLIST_KEY_UIApplicationSceneManifest_Generation = YES;
				INFOPLIST_KEY_UIApplicationSupportsIndirectInputEvents = YES;
				INFOPLIST_KEY_UILaunchScreen_Generation = YES;
				INFOPLIST_KEY_UISupportedInterfaceOrientations_iPad = "UIInterfaceOrientationPortrait UIInterfaceOrientationPortraitUpsideDown UIInterfaceOrientationLandscapeLeft UIInterfaceOrientationLandscapeRight";
				INFOPLIST_KEY_UISupportedInterfaceOrientations_iPhone = "UIInterfaceOrientationPortrait UIInterfaceOrientationLandscapeLeft UIInterfaceOrientationLandscapeRight";
				LD_RUNPATH_SEARCH_PATHS = (
					"$(inherited)",
					"@executable_path/Frameworks",
				);
				MARKETING_VERSION = 1.0;
				PRODUCT_BUNDLE_IDENTIFIER = tyan.WhatDoYouMean;
				PRODUCT_NAME = "$(TARGET_NAME)";
				STRING_CATALOG_GENERATE_SYMBOLS = YES;
				SWIFT_APPROACHABLE_CONCURRENCY = YES;
				SWIFT_DEFAULT_ACTOR_ISOLATION = MainActor;
				SWIFT_EMIT_LOC_STRINGS = YES;
				SWIFT_UPCOMING_FEATURE_MEMBER_IMPORT_VISIBILITY = YES;
				SWIFT_VERSION = 5.0;
				TARGETED_DEVICE_FAMILY = "1,2";
			};
			name = Debug;
		};
		2A40B9952F7B4D6A00DE5C84 /* Release */ = {
			isa = XCBuildConfiguration;
			buildSettings = {
				ASSETCATALOG_COMPILER_APPICON_NAME = AppIcon;
				ASSETCATALOG_COMPILER_GLOBAL_ACCENT_COLOR_NAME = AccentColor;
				CODE_SIGN_STYLE = Automatic;
				CURRENT_PROJECT_VERSION = 1;
				DEVELOPMENT_TEAM = 44U2S8ADH2;
				ENABLE_PREVIEWS = YES;
				GENERATE_INFOPLIST_FILE = YES;
				INFOPLIST_KEY_UIApplicationSceneManifest_Generation = YES;
				INFOPLIST_KEY_UIApplicationSupportsIndirectInputEvents = YES;
				INFOPLIST_KEY_UILaunchScreen_Generation = YES;
				INFOPLIST_KEY_UISupportedInterfaceOrientations_iPad = "UIInterfaceOrientationPortrait UIInterfaceOrientationPortraitUpsideDown UIInterfaceOrientationLandscapeLeft UIInterfaceOrientationLandscapeRight";
				INFOPLIST_KEY_UISupportedInterfaceOrientations_iPhone = "UIInterfaceOrientationPortrait UIInterfaceOrientationLandscapeLeft UIInterfaceOrientationLandscapeRight";
				LD_RUNPATH_SEARCH_PATHS = (
					"$(inherited)",
					"@executable_path/Frameworks",
				);
				MARKETING_VERSION = 1.0;
				PRODUCT_BUNDLE_IDENTIFIER = tyan.WhatDoYouMean;
				PRODUCT_NAME = "$(TARGET_NAME)";
				STRING_CATALOG_GENERATE_SYMBOLS = YES;
				SWIFT_APPROACHABLE_CONCURRENCY = YES;
				SWIFT_DEFAULT_ACTOR_ISOLATION = MainActor;
				SWIFT_EMIT_LOC_STRINGS = YES;
				SWIFT_UPCOMING_FEATURE_MEMBER_IMPORT_VISIBILITY = YES;
				SWIFT_VERSION = 5.0;
				TARGETED_DEVICE_FAMILY = "1,2";
			};
			name = Release;
		};
		2A40B9972F7B4D6A00DE5C84 /* Debug */ = {
			isa = XCBuildConfiguration;
			buildSettings = {
				BUNDLE_LOADER = "$(TEST_HOST)";
				CODE_SIGN_STYLE = Automatic;
				CURRENT_PROJECT_VERSION = 1;
				DEVELOPMENT_TEAM = 44U2S8ADH2;
				GENERATE_INFOPLIST_FILE = YES;
				IPHONEOS_DEPLOYMENT_TARGET = 26.2;
				MARKETING_VERSION = 1.0;
				PRODUCT_BUNDLE_IDENTIFIER = tyan.WhatDoYouMeanTests;
				PRODUCT_NAME = "$(TARGET_NAME)";
				STRING_CATALOG_GENERATE_SYMBOLS = NO;
				SWIFT_APPROACHABLE_CONCURRENCY = YES;
				SWIFT_EMIT_LOC_STRINGS = NO;
				SWIFT_UPCOMING_FEATURE_MEMBER_IMPORT_VISIBILITY = YES;
				SWIFT_VERSION = 5.0;
				TARGETED_DEVICE_FAMILY = "1,2";
				TEST_HOST = "$(BUILT_PRODUCTS_DIR)/WhatDoYouMean.app/$(BUNDLE_EXECUTABLE_FOLDER_PATH)/WhatDoYouMean";
			};
			name = Debug;
		};
		2A40B9982F7B4D6A00DE5C84 /* Release */ = {
			isa = XCBuildConfiguration;
			buildSettings = {
				BUNDLE_LOADER = "$(TEST_HOST)";
				CODE_SIGN_STYLE = Automatic;
				CURRENT_PROJECT_VERSION = 1;
				DEVELOPMENT_TEAM = 44U2S8ADH2;
				GENERATE_INFOPLIST_FILE = YES;
				IPHONEOS_DEPLOYMENT_TARGET = 26.2;
				MARKETING_VERSION = 1.0;
				PRODUCT_BUNDLE_IDENTIFIER = tyan.WhatDoYouMeanTests;
				PRODUCT_NAME = "$(TARGET_NAME)";
				STRING_CATALOG_GENERATE_SYMBOLS = NO;
				SWIFT_APPROACHABLE_CONCURRENCY = YES;
				SWIFT_EMIT_LOC_STRINGS = NO;
				SWIFT_UPCOMING_FEATURE_MEMBER_IMPORT_VISIBILITY = YES;
				SWIFT_VERSION = 5.0;
				TARGETED_DEVICE_FAMILY = "1,2";
				TEST_HOST = "$(BUILT_PRODUCTS_DIR)/WhatDoYouMean.app/$(BUNDLE_EXECUTABLE_FOLDER_PATH)/WhatDoYouMean";
			};
			name = Release;
		};
		2A40B99A2F7B4D6A00DE5C84 /* Debug */ = {
			isa = XCBuildConfiguration;
			buildSettings = {
				CODE_SIGN_STYLE = Automatic;
				CURRENT_PROJECT_VERSION = 1;
				DEVELOPMENT_TEAM = 44U2S8ADH2;
				GENERATE_INFOPLIST_FILE = YES;
				MARKETING_VERSION = 1.0;
				PRODUCT_BUNDLE_IDENTIFIER = tyan.WhatDoYouMeanUITests;
				PRODUCT_NAME = "$(TARGET_NAME)";
				STRING_CATALOG_GENERATE_SYMBOLS = NO;
				SWIFT_APPROACHABLE_CONCURRENCY = YES;
				SWIFT_EMIT_LOC_STRINGS = NO;
				SWIFT_UPCOMING_FEATURE_MEMBER_IMPORT_VISIBILITY = YES;
				SWIFT_VERSION = 5.0;
				TARGETED_DEVICE_FAMILY = "1,2";
				TEST_TARGET_NAME = WhatDoYouMean;
			};
			name = Debug;
		};
		2A40B99B2F7B4D6A00DE5C84 /* Release */ = {
			isa = XCBuildConfiguration;
			buildSettings = {
				CODE_SIGN_STYLE = Automatic;
				CURRENT_PROJECT_VERSION = 1;
				DEVELOPMENT_TEAM = 44U2S8ADH2;
				GENERATE_INFOPLIST_FILE = YES;
				MARKETING_VERSION = 1.0;
				PRODUCT_BUNDLE_IDENTIFIER = tyan.WhatDoYouMeanUITests;
				PRODUCT_NAME = "$(TARGET_NAME)";
				STRING_CATALOG_GENERATE_SYMBOLS = NO;
				SWIFT_APPROACHABLE_CONCURRENCY = YES;
				SWIFT_EMIT_LOC_STRINGS = NO;
				SWIFT_UPCOMING_FEATURE_MEMBER_IMPORT_VISIBILITY = YES;
				SWIFT_VERSION = 5.0;
				TARGETED_DEVICE_FAMILY = "1,2";
				TEST_TARGET_NAME = WhatDoYouMean;
			};
			name = Release;
		};
/* End XCBuildConfiguration section */

/* Begin XCConfigurationList section */
		2A40B96D2F7B4D6600DE5C84 /* Build configuration list for PBXProject "WhatDoYouMean" */ = {
			isa = XCConfigurationList;
			buildConfigurations = (
				2A40B9912F7B4D6A00DE5C84 /* Debug */,
				2A40B9922F7B4D6A00DE5C84 /* Release */,
			);
			defaultConfigurationIsVisible = 0;
			defaultConfigurationName = Release;
		};
		2A40B9932F7B4D6A00DE5C84 /* Build configuration list for PBXNativeTarget "WhatDoYouMean" */ = {
			isa = XCConfigurationList;
			buildConfigurations = (
				2A40B9942F7B4D6A00DE5C84 /* Debug */,
				2A40B9952F7B4D6A00DE5C84 /* Release */,
			);
			defaultConfigurationIsVisible = 0;
			defaultConfigurationName = Release;
		};
		2A40B9962F7B4D6A00DE5C84 /* Build configuration list for PBXNativeTarget "WhatDoYouMeanTests" */ = {
			isa = XCConfigurationList;
			buildConfigurations = (
				2A40B9972F7B4D6A00DE5C84 /* Debug */,
				2A40B9982F7B4D6A00DE5C84 /* Release */,
			);
			defaultConfigurationIsVisible = 0;
			defaultConfigurationName = Release;
		};
		2A40B9992F7B4D6A00DE5C84 /* Build configuration list for PBXNativeTarget "WhatDoYouMeanUITests" */ = {
			isa = XCConfigurationList;
			buildConfigurations = (
				2A40B99A2F7B4D6A00DE5C84 /* Debug */,
				2A40B99B2F7B4D6A00DE5C84 /* Release */,
			);
			defaultConfigurationIsVisible = 0;
			defaultConfigurationName = Release;
		};
/* End XCConfigurationList section */

/* Begin XCRemoteSwiftPackageReference section */
		2A40B9B92F7B4F1C00DE5C84 /* XCRemoteSwiftPackageReference "socket" */ = {
			isa = XCRemoteSwiftPackageReference;
			repositoryURL = "https://github.com/socketio/socket.io-client-swift";
			requirement = {
				branch = master;
				kind = branch;
			};
		};
/* End XCRemoteSwiftPackageReference section */

/* Begin XCSwiftPackageProductDependency section */
		2A40B9BA2F7B4F1C00DE5C84 /* SocketIO */ = {
			isa = XCSwiftPackageProductDependency;
			package = 2A40B9B92F7B4F1C00DE5C84 /* XCRemoteSwiftPackageReference "socket" */;
			productName = SocketIO;
		};
/* End XCSwiftPackageProductDependency section */
	};
	rootObject = 2A40B96A2F7B4D6600DE5C84 /* Project object */;
}
